NeoBundleLock VimClojure 2a17c249571395a7f45523d38cac6a9326ecf8f1
NeoBundleLock neobundle.vim 1306c131ff0a6cc094b7ff0727350e442b5427f1
NeoBundleLock neocomplcache 778181767467b8f8016828898779a646074d883a
NeoBundleLock neosnippet 45b6a8688cc743f3855b866ff47b0f0e9481bf8d
NeoBundleLock neosnippet-snippets ec928a971f32150119f0ab73d289ea82e2740ae0
NeoBundleLock syntastic 0d25f4fb4203e600a28e776847d4beca254d3f84
NeoBundleLock unite.vim f08df66abda88a83f0436e0bd1ffa05009a9645a
NeoBundleLock vim-go cbdd072534c0b59dfa8c1d69c73b053364cc9cbd
NeoBundleLock vim-slime 1276ed59c94d1caeb9e5466fa2d760af8a276466
NeoBundleLock vimfiler edbb2f2e6baa66c51f73a82afa2bb740415a64ea
NeoBundleLock vimproc 9136f03680db82c552f4a84e3b461f83c6e232d5
NeoBundleLock vimshell 03bf7673a5098918a533000d67dca97546695237
